PODS:
  - Nimble (3.0.0)
  - OrangeFramework (1.0.0):
    - OrangeFramework/Dependency (= 1.0.0)
    - OrangeFramework/Device (= 1.0.0)
    - OrangeFramework/Extensions (= 1.0.0)
    - OrangeFramework/Log (= 1.0.0)
    - OrangeFramework/Segues (= 1.0.0)
  - OrangeFramework/Dependency (1.0.0)
  - OrangeFramework/Device (1.0.0)
  - OrangeFramework/Extensions (1.0.0)
  - OrangeFramework/Log (1.0.0)
  - OrangeFramework/Segues (1.0.0)
  - Quick (0.8.0)

DEPENDENCIES:
  - Nimble (= 3.0.0)
  - OrangeFramework (from `../`)
  - Quick (~> 0.8.0)

EXTERNAL SOURCES:
  OrangeFramework:
    :path: ../

SPEC CHECKSUMS:
  Nimble: 4c353d43735b38b545cbb4cb91504588eb5de926
  OrangeFramework: db3daeec6900fc9156506dfe78a8f76d0c2a3197
  Quick: 563d0f6ec5f72e394645adb377708639b7dd38ab

COCOAPODS: 0.39.0
